
Microsoft Visual Studio Solution File, Format Version 12.00
# Visual Studio Version 17
VisualStudioVersion = 17.3.32825.248
MinimumVisualStudioVersion = 10.0.40219.1
Project("{FAE04EC0-301F-11D3-BF4B-00C04F79EFBC}") = "PasswordChecker", "PasswordChecker.csproj", "{CF6D3245-6AE1-4801-9458-0C007AC39AF0}"
EndProject
Project("{FAE04EC0-301F-11D3-BF4B-00C04F79EFBC}") = "PasswordCheckerTests", "..\PasswordCheckerTests\PasswordCheckerTests.csproj", "{22DBD432-B3B8-43B5-8C78-32D2D86CE031}"
EndProject
Global
	GlobalSection(SolutionConfigurationPlatforms) = preSolution
		Debug|Any CPU = Debug|Any CPU
		Release|Any CPU = Release|Any CPU
	EndGlobalSection
	GlobalSection(ProjectConfigurationPlatforms) = postSolution
		{CF6D3245-6AE1-4801-9458-0C007AC39AF0}.Debug|Any CPU.ActiveCfg = Debug|Any CPU
		{CF6D3245-6AE1-4801-9458-0C007AC39AF0}.Debug|Any CPU.Build.0 = Debug|Any CPU
		{CF6D3245-6AE1-4801-9458-0C007AC39AF0}.Release|Any CPU.ActiveCfg = Release|Any CPU
		{CF6D3245-6AE1-4801-9458-0C007AC39AF0}.Release|Any CPU.Build.0 = Release|Any CPU
		{22DBD432-B3B8-43B5-8C78-32D2D86CE031}.Debug|Any CPU.ActiveCfg = Debug|Any CPU
		{22DBD432-B3B8-43B5-8C78-32D2D86CE031}.Debug|Any CPU.Build.0 = Debug|Any CPU
		{22DBD432-B3B8-43B5-8C78-32D2D86CE031}.Release|Any CPU.ActiveCfg = Release|Any CPU
		{22DBD432-B3B8-43B5-8C78-32D2D86CE031}.Release|Any CPU.Build.0 = Release|Any CPU
	EndGlobalSection
	GlobalSection(SolutionProperties) = preSolution
		HideSolutionNode = FALSE
	EndGlobalSection
	GlobalSection(ExtensibilityGlobals) = postSolution
		SolutionGuid = {CD4FE758-ECF6-4F6C-8E33-E158382D9F7E}
	EndGlobalSection
EndGlobal
