
Microsoft Visual Studio Solution File, Format Version 12.00
# Visual Studio Version 17
VisualStudioVersion = 17.4.33213.308
MinimumVisualStudioVersion = 10.0.40219.1
Project("{FAE04EC0-301F-11D3-BF4B-00C04F79EFBC}") = "ArtifactLibrary", "ArtifactLibrary.csproj", "{27E1562D-C113-4146-9BDE-2CF8BAC0AF09}"
EndProject
Global
	GlobalSection(SolutionConfigurationPlatforms) = preSolution
		Debug|Any CPU = Debug|Any CPU
		Release|Any CPU = Release|Any CPU
	EndGlobalSection
	GlobalSection(ProjectConfigurationPlatforms) = postSolution
		{27E1562D-C113-4146-9BDE-2CF8BAC0AF09}.Debug|Any CPU.ActiveCfg = Debug|Any CPU
		{27E1562D-C113-4146-9BDE-2CF8BAC0AF09}.Debug|Any CPU.Build.0 = Debug|Any CPU
		{27E1562D-C113-4146-9BDE-2CF8BAC0AF09}.Release|Any CPU.ActiveCfg = Release|Any CPU
		{27E1562D-C113-4146-9BDE-2CF8BAC0AF09}.Release|Any CPU.Build.0 = Release|Any CPU
	EndGlobalSection
	GlobalSection(SolutionProperties) = preSolution
		HideSolutionNode = FALSE
	EndGlobalSection
	GlobalSection(ExtensibilityGlobals) = postSolution
		SolutionGuid = {8599DBBB-D82B-4D21-A73A-2EE05F6C9D3B}
	EndGlobalSection
EndGlobal
