
Microsoft Visual Studio Solution File, Format Version 12.00
# Visual Studio Version 17
VisualStudioVersion = 17.3.32825.248
MinimumVisualStudioVersion = 10.0.40219.1
Project("{FAE04EC0-301F-11D3-BF4B-00C04F79EFBC}") = "MatchingGame", "MatchingGame.csproj", "{A7AEB1EF-6B67-4018-AC0F-F4F93666B74C}"
EndProject
Global
	GlobalSection(SolutionConfigurationPlatforms) = preSolution
		Debug|Any CPU = Debug|Any CPU
		Release|Any CPU = Release|Any CPU
	EndGlobalSection
	GlobalSection(ProjectConfigurationPlatforms) = postSolution
		{A7AEB1EF-6B67-4018-AC0F-F4F93666B74C}.Debug|Any CPU.ActiveCfg = Debug|Any CPU
		{A7AEB1EF-6B67-4018-AC0F-F4F93666B74C}.Debug|Any CPU.Build.0 = Debug|Any CPU
		{A7AEB1EF-6B67-4018-AC0F-F4F93666B74C}.Release|Any CPU.ActiveCfg = Release|Any CPU
		{A7AEB1EF-6B67-4018-AC0F-F4F93666B74C}.Release|Any CPU.Build.0 = Release|Any CPU
	EndGlobalSection
	GlobalSection(SolutionProperties) = preSolution
		HideSolutionNode = FALSE
	EndGlobalSection
	GlobalSection(ExtensibilityGlobals) = postSolution
		SolutionGuid = {70259004-2930-42E1-8465-1D48B2F12AD0}
	EndGlobalSection
EndGlobal
